// !$*UTF8*$!
{
	archiveVersion = 1;
	classes = {
	};
	objectVersion = 50;
	objects = {

/* Begin PBXBuildFile section */
		CD117AC2226349440041BA4F /* galchi.jpg in Resources */ = {isa = PBXBuildFile; fileRef = CD117ABC226349430041BA4F /* galchi.jpg */; };
		CD117AC3226349440041BA4F /* gogo.jpg in Resources */ = {isa = PBXBuildFile; fileRef = CD117ABD226349430041BA4F /* gogo.jpg */; };
		CD117AC4226349440041BA4F /* care.jpg in Resources */ = {isa = PBXBuildFile; fileRef = CD117ABE226349430041BA4F /* care.jpg */; };
		CD117AC5226349440041BA4F /* porkgalbi.jpg in Resources */ = {isa = PBXBuildFile; fileRef = CD117ABF226349430041BA4F /* porkgalbi.jpg */; };
		CD117AC6226349440041BA4F /* sogalbi.jpg in Resources */ = {isa = PBXBuildFile; fileRef = CD117AC0226349440041BA4F /* sogalbi.jpg */; };
		CD117AC7226349440041BA4F /* kkongchi.jpg in Resources */ = {isa = PBXBuildFile; fileRef = CD117AC1226349440041BA4F /* kkongchi.jpg */; };
		CD117AC922634BE30041BA4F /* fail.jpg in Resources */ = {isa = PBXBuildFile; fileRef = CD117AC822634BE30041BA4F /* fail.jpg */; };
		CD9AF17022621B2B0058CBDC /* AppDelegate.swift in Sources */ = {isa = PBXBuildFile; fileRef = CD9AF16F22621B2B0058CBDC /* AppDelegate.swift */; };
		CD9AF17222621B2B0058CBDC /* ViewController.swift in Sources */ = {isa = PBXBuildFile; fileRef = CD9AF17122621B2B0058CBDC /* ViewController.swift */; };
		CD9AF17522621B2B0058CBDC /* Main.storyboard in Resources */ = {isa = PBXBuildFile; fileRef = CD9AF17322621B2B0058CBDC /* Main.storyboard */; };
		CD9AF17722621B2D0058CBDC /* Assets.xcassets in Resources */ = {isa = PBXBuildFile; fileRef = CD9AF17622621B2D0058CBDC /* Assets.xcassets */; };
		CD9AF17A22621B2D0058CBDC /* LaunchScreen.storyboard in Resources */ = {isa = PBXBuildFile; fileRef = CD9AF17822621B2D0058CBDC /* LaunchScreen.storyboard */; };
		CD9AF18522621B2D0058CBDC /* middeProject01Tests.swift in Sources */ = {isa = PBXBuildFile; fileRef = CD9AF18422621B2D0058CBDC /* middeProject01Tests.swift */; };
		CD9AF190226234190058CBDC /* OrderViewController.swift in Sources */ = {isa = PBXBuildFile; fileRef = CD9AF18F226234190058CBDC /* OrderViewController.swift */; };
/* End PBXBuildFile section */

/* Begin PBXContainerItemProxy section */
		CD9AF18122621B2D0058CBDC /* PBXContainerItemProxy */ = {
			isa = PBXContainerItemProxy;
			containerPortal = CD9AF16422621B2B0058CBDC /* Project object */;
			proxyType = 1;
			remoteGlobalIDString = CD9AF16B22621B2B0058CBDC;
			remoteInfo = middeProject01;
		};
/* End PBXContainerItemProxy section */

/* Begin PBXFileReference section */
		CD117ABC226349430041BA4F /* galchi.jpg */ = {isa = PBXFileReference; lastKnownFileType = image.jpeg; name = galchi.jpg; path = ../../../galchi.jpg; sourceTree = "<group>"; };
		CD117ABD226349430041BA4F /* gogo.jpg */ = {isa = PBXFileReference; lastKnownFileType = image.jpeg; name = gogo.jpg; path = ../../../gogo.jpg; sourceTree = "<group>"; };
		CD117ABE226349430041BA4F /* care.jpg */ = {isa = PBXFileReference; lastKnownFileType = image.jpeg; name = care.jpg; path = ../../../care.jpg; sourceTree = "<group>"; };
		CD117ABF226349430041BA4F /* porkgalbi.jpg */ = {isa = PBXFileReference; lastKnownFileType = image.jpeg; name = porkgalbi.jpg; path = ../../../porkgalbi.jpg; sourceTree = "<group>"; };
		CD117AC0226349440041BA4F /* sogalbi.jpg */ = {isa = PBXFileReference; lastKnownFileType = image.jpeg; name = sogalbi.jpg; path = ../../../sogalbi.jpg; sourceTree = "<group>"; };
		CD117AC1226349440041BA4F /* kkongchi.jpg */ = {isa = PBXFileReference; lastKnownFileType = image.jpeg; name = kkongchi.jpg; path = ../../../kkongchi.jpg; sourceTree = "<group>"; };
		CD117AC822634BE30041BA4F /* fail.jpg */ = {isa = PBXFileReference; lastKnownFileType = image.jpeg; name = fail.jpg; path = ../../../fail.jpg; sourceTree = "<group>"; };
		CD9AF16C22621B2B0058CBDC /* middeProject01.app */ = {isa = PBXFileReference; explicitFileType = wrapper.application; includeInIndex = 0; path = middeProject01.app; sourceTree = BUILT_PRODUCTS_DIR; };
		CD9AF16F22621B2B0058CBDC /* AppDelegate.swift */ = {isa = PBXFileReference; lastKnownFileType = sourcecode.swift; path = AppDelegate.swift; sourceTree = "<group>"; };
		CD9AF17122621B2B0058CBDC /* ViewController.swift */ = {isa = PBXFileReference; lastKnownFileType = sourcecode.swift; path = ViewController.swift; sourceTree = "<group>"; };
		CD9AF17422621B2B0058CBDC /* Base */ = {isa = PBXFileReference; lastKnownFileType = file.storyboard; name = Base; path = Base.lproj/Main.storyboard; sourceTree = "<group>"; };
		CD9AF17622621B2D0058CBDC /* Assets.xcassets */ = {isa = PBXFileReference; lastKnownFileType = folder.assetcatalog; path = Assets.xcassets; sourceTree = "<group>"; };
		CD9AF17922621B2D0058CBDC /* Base */ = {isa = PBXFileReference; lastKnownFileType = file.storyboard; name = Base; path = Base.lproj/LaunchScreen.storyboard; sourceTree = "<group>"; };
		CD9AF17B22621B2D0058CBDC /* Info.plist */ = {isa = PBXFileReference; lastKnownFileType = text.plist.xml; path = Info.plist; sourceTree = "<group>"; };
		CD9AF18022621B2D0058CBDC /* middeProject01Tests.xctest */ = {isa = PBXFileReference; explicitFileType = wrapper.cfbundle; includeInIndex = 0; path = middeProject01Tests.xctest; sourceTree = BUILT_PRODUCTS_DIR; };
		CD9AF18422621B2D0058CBDC /* middeProject01Tests.swift */ = {isa = PBXFileReference; lastKnownFileType = sourcecode.swift; path = middeProject01Tests.swift; sourceTree = "<group>"; };
		CD9AF18622621B2D0058CBDC /* Info.plist */ = {isa = PBXFileReference; lastKnownFileType = text.plist.xml; path = Info.plist; sourceTree = "<group>"; };
		CD9AF18F226234190058CBDC /* OrderViewController.swift */ = {isa = PBXFileReference; lastKnownFileType = sourcecode.swift; path = OrderViewController.swift; sourceTree = "<group>"; };
/* End PBXFileReference section */

/* Begin PBXFrameworksBuildPhase section */
		CD9AF16922621B2B0058CBDC /* Frameworks */ = {
			isa = PBXFrameworksBuildPhase;
			buildActionMask = 2147483647;
			files = (
			);
			runOnlyForDeploymentPostprocessing = 0;
		};
		CD9AF17D22621B2D0058CBDC /* Frameworks */ = {
			isa = PBXFrameworksBuildPhase;
			buildActionMask = 2147483647;
			files = (
			);
			runOnlyForDeploymentPostprocessing = 0;
		};
/* End PBXFrameworksBuildPhase section */

/* Begin PBXGroup section */
		CD9AF16322621B2B0058CBDC = {
			isa = PBXGroup;
			children = (
				CD9AF16E22621B2B0058CBDC /* middeProject01 */,
				CD9AF18322621B2D0058CBDC /* middeProject01Tests */,
				CD9AF16D22621B2B0058CBDC /* Products */,
			);
			sourceTree = "<group>";
		};
		CD9AF16D22621B2B0058CBDC /* Products */ = {
			isa = PBXGroup;
			children = (
				CD9AF16C22621B2B0058CBDC /* middeProject01.app */,
				CD9AF18022621B2D0058CBDC /* middeProject01Tests.xctest */,
			);
			name = Products;
			sourceTree = "<group>";
		};
		CD9AF16E22621B2B0058CBDC /* middeProject01 */ = {
			isa = PBXGroup;
			children = (
				CD117AC822634BE30041BA4F /* fail.jpg */,
				CD117ABE226349430041BA4F /* care.jpg */,
				CD117ABC226349430041BA4F /* galchi.jpg */,
				CD117ABD226349430041BA4F /* gogo.jpg */,
				CD117AC1226349440041BA4F /* kkongchi.jpg */,
				CD117ABF226349430041BA4F /* porkgalbi.jpg */,
				CD117AC0226349440041BA4F /* sogalbi.jpg */,
				CD9AF16F22621B2B0058CBDC /* AppDelegate.swift */,
				CD9AF17122621B2B0058CBDC /* ViewController.swift */,
				CD9AF17322621B2B0058CBDC /* Main.storyboard */,
				CD9AF17622621B2D0058CBDC /* Assets.xcassets */,
				CD9AF17822621B2D0058CBDC /* LaunchScreen.storyboard */,
				CD9AF17B22621B2D0058CBDC /* Info.plist */,
				CD9AF18F226234190058CBDC /* OrderViewController.swift */,
			);
			path = middeProject01;
			sourceTree = "<group>";
		};
		CD9AF18322621B2D0058CBDC /* middeProject01Tests */ = {
			isa = PBXGroup;
			children = (
				CD9AF18422621B2D0058CBDC /* middeProject01Tests.swift */,
				CD9AF18622621B2D0058CBDC /* Info.plist */,
			);
			path = middeProject01Tests;
			sourceTree = "<group>";
		};
/* End PBXGroup section */

/* Begin PBXNativeTarget section */
		CD9AF16B22621B2B0058CBDC /* middeProject01 */ = {
			isa = PBXNativeTarget;
			buildConfigurationList = CD9AF18922621B2D0058CBDC /* Build configuration list for PBXNativeTarget "middeProject01" */;
			buildPhases = (
				CD9AF16822621B2B0058CBDC /* Sources */,
				CD9AF16922621B2B0058CBDC /* Frameworks */,
				CD9AF16A22621B2B0058CBDC /* Resources */,
			);
			buildRules = (
			);
			dependencies = (
			);
			name = middeProject01;
			productName = middeProject01;
			productReference = CD9AF16C22621B2B0058CBDC /* middeProject01.app */;
			productType = "com.apple.product-type.application";
		};
		CD9AF17F22621B2D0058CBDC /* middeProject01Tests */ = {
			isa = PBXNativeTarget;
			buildConfigurationList = CD9AF18C22621B2D0058CBDC /* Build configuration list for PBXNativeTarget "middeProject01Tests" */;
			buildPhases = (
				CD9AF17C22621B2D0058CBDC /* Sources */,
				CD9AF17D22621B2D0058CBDC /* Frameworks */,
				CD9AF17E22621B2D0058CBDC /* Resources */,
			);
			buildRules = (
			);
			dependencies = (
				CD9AF18222621B2D0058CBDC /* PBXTargetDependency */,
			);
			name = middeProject01Tests;
			productName = middeProject01Tests;
			productReference = CD9AF18022621B2D0058CBDC /* middeProject01Tests.xctest */;
			productType = "com.apple.product-type.bundle.unit-test";
		};
/* End PBXNativeTarget section */

/* Begin PBXProject section */
		CD9AF16422621B2B0058CBDC /* Project object */ = {
			isa = PBXProject;
			attributes = {
				LastSwiftUpdateCheck = 1020;
				LastUpgradeCheck = 1020;
				ORGANIZATIONNAME = SWUCOMPUTER;
				TargetAttributes = {
					CD9AF16B22621B2B0058CBDC = {
						CreatedOnToolsVersion = 10.2;
					};
					CD9AF17F22621B2D0058CBDC = {
						CreatedOnToolsVersion = 10.2;
						TestTargetID = CD9AF16B22621B2B0058CBDC;
					};
				};
			};
			buildConfigurationList = CD9AF16722621B2B0058CBDC /* Build configuration list for PBXProject "middeProject01" */;
			compatibilityVersion = "Xcode 9.3";
			developmentRegion = en;
			hasScannedForEncodings = 0;
			knownRegions = (
				en,
				Base,
			);
			mainGroup = CD9AF16322621B2B0058CBDC;
			productRefGroup = CD9AF16D22621B2B0058CBDC /* Products */;
			projectDirPath = "";
			projectRoot = "";
			targets = (
				CD9AF16B22621B2B0058CBDC /* middeProject01 */,
				CD9AF17F22621B2D0058CBDC /* middeProject01Tests */,
			);
		};
/* End PBXProject section */

/* Begin PBXResourcesBuildPhase section */
		CD9AF16A22621B2B0058CBDC /* Resources */ = {
			isa = PBXResourcesBuildPhase;
			buildActionMask = 2147483647;
			files = (
				CD9AF17A22621B2D0058CBDC /* LaunchScreen.storyboard in Resources */,
				CD117AC922634BE30041BA4F /* fail.jpg in Resources */,
				CD117AC3226349440041BA4F /* gogo.jpg in Resources */,
				CD117AC2226349440041BA4F /* galchi.jpg in Resources */,
				CD117AC6226349440041BA4F /* sogalbi.jpg in Resources */,
				CD9AF17722621B2D0058CBDC /* Assets.xcassets in Resources */,
				CD117AC4226349440041BA4F /* care.jpg in Resources */,
				CD117AC5226349440041BA4F /* porkgalbi.jpg in Resources */,
				CD9AF17522621B2B0058CBDC /* Main.storyboard in Resources */,
				CD117AC7226349440041BA4F /* kkongchi.jpg in Resources */,
			);
			runOnlyForDeploymentPostprocessing = 0;
		};
		CD9AF17E22621B2D0058CBDC /* Resources */ = {
			isa = PBXResourcesBuildPhase;
			buildActionMask = 2147483647;
			files = (
			);
			runOnlyForDeploymentPostprocessing = 0;
		};
/* End PBXResourcesBuildPhase section */

/* Begin PBXSourcesBuildPhase section */
		CD9AF16822621B2B0058CBDC /* Sources */ = {
			isa = PBXSourcesBuildPhase;
			buildActionMask = 2147483647;
			files = (
				CD9AF17222621B2B0058CBDC /* ViewController.swift in Sources */,
				CD9AF17022621B2B0058CBDC /* AppDelegate.swift in Sources */,
				CD9AF190226234190058CBDC /* OrderViewController.swift in Sources */,
			);
			runOnlyForDeploymentPostprocessing = 0;
		};
		CD9AF17C22621B2D0058CBDC /* Sources */ = {
			isa = PBXSourcesBuildPhase;
			buildActionMask = 2147483647;
			files = (
				CD9AF18522621B2D0058CBDC /* middeProject01Tests.swift in Sources */,
			);
			runOnlyForDeploymentPostprocessing = 0;
		};
/* End PBXSourcesBuildPhase section */

/* Begin PBXTargetDependency section */
		CD9AF18222621B2D0058CBDC /* PBXTargetDependency */ = {
			isa = PBXTargetDependency;
			target = CD9AF16B22621B2B0058CBDC /* middeProject01 */;
			targetProxy = CD9AF18122621B2D0058CBDC /* PBXContainerItemProxy */;
		};
/* End PBXTargetDependency section */

/* Begin PBXVariantGroup section */
		CD9AF17322621B2B0058CBDC /* Main.storyboard */ = {
			isa = PBXVariantGroup;
			children = (
				CD9AF17422621B2B0058CBDC /* Base */,
			);
			name = Main.storyboard;
			sourceTree = "<group>";
		};
		CD9AF17822621B2D0058CBDC /* LaunchScreen.storyboard */ = {
			isa = PBXVariantGroup;
			children = (
				CD9AF17922621B2D0058CBDC /* Base */,
			);
			name = LaunchScreen.storyboard;
			sourceTree = "<group>";
		};
/* End PBXVariantGroup section */

/* Begin XCBuildConfiguration section */
		CD9AF18722621B2D0058CBDC /* Debug */ = {
			isa = XCBuildConfiguration;
			buildSettings = {
				ALWAYS_SEARCH_USER_PATHS = NO;
				CLANG_ANALYZER_NONNULL = YES;
				CLANG_ANALYZER_NUMBER_OBJECT_CONVERSION = YES_AGGRESSIVE;
				CLANG_CXX_LANGUAGE_STANDARD = "gnu++14";
				CLANG_CXX_LIBRARY = "libc++";
				CLANG_ENABLE_MODULES = YES;
				CLANG_ENABLE_OBJC_ARC = YES;
				CLANG_ENABLE_OBJC_WEAK = YES;
				CLANG_WARN_BLOCK_CAPTURE_AUTORELEASING = YES;
				CLANG_WARN_BOOL_CONVERSION = YES;
				CLANG_WARN_COMMA = YES;
				CLANG_WARN_CONSTANT_CONVERSION = YES;
				CLANG_WARN_DEPRECATED_OBJC_IMPLEMENTATIONS = YES;
				CLANG_WARN_DIRECT_OBJC_ISA_USAGE = YES_ERROR;
				CLANG_WARN_DOCUMENTATION_COMMENTS = YES;
				CLANG_WARN_EMPTY_BODY = YES;
				CLANG_WARN_ENUM_CONVERSION = YES;
				CLANG_WARN_INFINITE_RECURSION = YES;
				CLANG_WARN_INT_CONVERSION = YES;
				CLANG_WARN_NON_LITERAL_NULL_CONVERSION = YES;
				CLANG_WARN_OBJC_IMPLICIT_RETAIN_SELF = YES;
				CLANG_WARN_OBJC_LITERAL_CONVERSION = YES;
				CLANG_WARN_OBJC_ROOT_CLASS = YES_ERROR;
				CLANG_WARN_RANGE_LOOP_ANALYSIS = YES;
				CLANG_WARN_STRICT_PROTOTYPES = YES;
				CLANG_WARN_SUSPICIOUS_MOVE = YES;
				CLANG_WARN_UNGUARDED_AVAILABILITY = YES_AGGRESSIVE;
				CLANG_WARN_UNREACHABLE_CODE = YES;
				CLANG_WARN__DUPLICATE_METHOD_MATCH = YES;
				CODE_SIGN_IDENTITY = "iPhone Developer";
				COPY_PHASE_STRIP = NO;
				DEBUG_INFORMATION_FORMAT = dwarf;
				ENABLE_STRICT_OBJC_MSGSEND = YES;
				ENABLE_TESTABILITY = YES;
				GCC_C_LANGUAGE_STANDARD = gnu11;
				GCC_DYNAMIC_NO_PIC = NO;
				GCC_NO_COMMON_BLOCKS = YES;
				GCC_OPTIMIZATION_LEVEL = 0;
				GCC_PREPROCESSOR_DEFINITIONS = (
					"DEBUG=1",
					"$(inherited)",
				);
				GCC_WARN_64_TO_32_BIT_CONVERSION = YES;
				GCC_WARN_ABOUT_RETURN_TYPE = YES_ERROR;
				GCC_WARN_UNDECLARED_SELECTOR = YES;
				GCC_WARN_UNINITIALIZED_AUTOS = YES_AGGRESSIVE;
				GCC_WARN_UNUSED_FUNCTION = YES;
				GCC_WARN_UNUSED_VARIABLE = YES;
				IPHONEOS_DEPLOYMENT_TARGET = 12.2;
				MTL_ENABLE_DEBUG_INFO = INCLUDE_SOURCE;
				MTL_FAST_MATH = YES;
				ONLY_ACTIVE_ARCH = YES;
				SDKROOT = iphoneos;
				SWIFT_ACTIVE_COMPILATION_CONDITIONS = DEBUG;
				SWIFT_OPTIMIZATION_LEVEL = "-Onone";
			};
			name = Debug;
		};
		CD9AF18822621B2D0058CBDC /* Release */ = {
			isa = XCBuildConfiguration;
			buildSettings = {
				ALWAYS_SEARCH_USER_PATHS = NO;
				CLANG_ANALYZER_NONNULL = YES;
				CLANG_ANALYZER_NUMBER_OBJECT_CONVERSION = YES_AGGRESSIVE;
				CLANG_CXX_LANGUAGE_STANDARD = "gnu++14";
				CLANG_CXX_LIBRARY = "libc++";
				CLANG_ENABLE_MODULES = YES;
				CLANG_ENABLE_OBJC_ARC = YES;
				CLANG_ENABLE_OBJC_WEAK = YES;
				CLANG_WARN_BLOCK_CAPTURE_AUTORELEASING = YES;
				CLANG_WARN_BOOL_CONVERSION = YES;
				CLANG_WARN_COMMA = YES;
				CLANG_WARN_CONSTANT_CONVERSION = YES;
				CLANG_WARN_DEPRECATED_OBJC_IMPLEMENTATIONS = YES;
				CLANG_WARN_DIRECT_OBJC_ISA_USAGE = YES_ERROR;
				CLANG_WARN_DOCUMENTATION_COMMENTS = YES;
				CLANG_WARN_EMPTY_BODY = YES;
				CLANG_WARN_ENUM_CONVERSION = YES;
				CLANG_WARN_INFINITE_RECURSION = YES;
				CLANG_WARN_INT_CONVERSION = YES;
				CLANG_WARN_NON_LITERAL_NULL_CONVERSION = YES;
				CLANG_WARN_OBJC_IMPLICIT_RETAIN_SELF = YES;
				CLANG_WARN_OBJC_LITERAL_CONVERSION = YES;
				CLANG_WARN_OBJC_ROOT_CLASS = YES_ERROR;
				CLANG_WARN_RANGE_LOOP_ANALYSIS = YES;
				CLANG_WARN_STRICT_PROTOTYPES = YES;
				CLANG_WARN_SUSPICIOUS_MOVE = YES;
				CLANG_WARN_UNGUARDED_AVAILABILITY = YES_AGGRESSIVE;
				CLANG_WARN_UNREACHABLE_CODE = YES;
				CLANG_WARN__DUPLICATE_METHOD_MATCH = YES;
				CODE_SIGN_IDENTITY = "iPhone Developer";
				COPY_PHASE_STRIP = NO;
				DEBUG_INFORMATION_FORMAT = "dwarf-with-dsym";
				ENABLE_NS_ASSERTIONS = NO;
				ENABLE_STRICT_OBJC_MSGSEND = YES;
				GCC_C_LANGUAGE_STANDARD = gnu11;
				GCC_NO_COMMON_BLOCKS = YES;
				GCC_WARN_64_TO_32_BIT_CONVERSION = YES;
				GCC_WARN_ABOUT_RETURN_TYPE = YES_ERROR;
				GCC_WARN_UNDECLARED_SELECTOR = YES;
				GCC_WARN_UNINITIALIZED_AUTOS = YES_AGGRESSIVE;
				GCC_WARN_UNUSED_FUNCTION = YES;
				GCC_WARN_UNUSED_VARIABLE = YES;
				IPHONEOS_DEPLOYMENT_TARGET = 12.2;
				MTL_ENABLE_DEBUG_INFO = NO;
				MTL_FAST_MATH = YES;
				SDKROOT = iphoneos;
				SWIFT_COMPILATION_MODE = wholemodule;
				SWIFT_OPTIMIZATION_LEVEL = "-O";
				VALIDATE_PRODUCT = YES;
			};
			name = Release;
		};
		CD9AF18A22621B2D0058CBDC /* Debug */ = {
			isa = XCBuildConfiguration;
			buildSettings = {
				ASSETCATALOG_COMPILER_APPICON_NAME = AppIcon;
				CODE_SIGN_STYLE = Automatic;
				INFOPLIST_FILE = middeProject01/Info.plist;
				LD_RUNPATH_SEARCH_PATHS = (
					"$(inherited)",
					"@executable_path/Frameworks",
				);
				PRODUCT_BUNDLE_IDENTIFIER = swu.ac.kr.middeProject01;
				PRODUCT_NAME = "$(TARGET_NAME)";
				SWIFT_VERSION = 5.0;
				TARGETED_DEVICE_FAMILY = "1,2";
			};
			name = Debug;
		};
		CD9AF18B22621B2D0058CBDC /* Release */ = {
			isa = XCBuildConfiguration;
			buildSettings = {
				ASSETCATALOG_COMPILER_APPICON_NAME = AppIcon;
				CODE_SIGN_STYLE = Automatic;
				INFOPLIST_FILE = middeProject01/Info.plist;
				LD_RUNPATH_SEARCH_PATHS = (
					"$(inherited)",
					"@executable_path/Frameworks",
				);
				PRODUCT_BUNDLE_IDENTIFIER = swu.ac.kr.middeProject01;
				PRODUCT_NAME = "$(TARGET_NAME)";
				SWIFT_VERSION = 5.0;
				TARGETED_DEVICE_FAMILY = "1,2";
			};
			name = Release;
		};
		CD9AF18D22621B2D0058CBDC /* Debug */ = {
			isa = XCBuildConfiguration;
			buildSettings = {
				ALWAYS_EMBED_SWIFT_STANDARD_LIBRARIES = YES;
				BUNDLE_LOADER = "$(TEST_HOST)";
				CODE_SIGN_STYLE = Automatic;
				INFOPLIST_FILE = middeProject01Tests/Info.plist;
				LD_RUNPATH_SEARCH_PATHS = (
					"$(inherited)",
					"@executable_path/Frameworks",
					"@loader_path/Frameworks",
				);
				PRODUCT_BUNDLE_IDENTIFIER = swu.ac.kr.middeProject01Tests;
				PRODUCT_NAME = "$(TARGET_NAME)";
				SWIFT_VERSION = 5.0;
				TARGETED_DEVICE_FAMILY = "1,2";
				TEST_HOST = "$(BUILT_PRODUCTS_DIR)/middeProject01.app/middeProject01";
			};
			name = Debug;
		};
		CD9AF18E22621B2D0058CBDC /* Release */ = {
			isa = XCBuildConfiguration;
			buildSettings = {
				ALWAYS_EMBED_SWIFT_STANDARD_LIBRARIES = YES;
				BUNDLE_LOADER = "$(TEST_HOST)";
				CODE_SIGN_STYLE = Automatic;
				INFOPLIST_FILE = middeProject01Tests/Info.plist;
				LD_RUNPATH_SEARCH_PATHS = (
					"$(inherited)",
					"@executable_path/Frameworks",
					"@loader_path/Frameworks",
				);
				PRODUCT_BUNDLE_IDENTIFIER = swu.ac.kr.middeProject01Tests;
				PRODUCT_NAME = "$(TARGET_NAME)";
				SWIFT_VERSION = 5.0;
				TARGETED_DEVICE_FAMILY = "1,2";
				TEST_HOST = "$(BUILT_PRODUCTS_DIR)/middeProject01.app/middeProject01";
			};
			name = Release;
		};
/* End XCBuildConfiguration section */

/* Begin XCConfigurationList section */
		CD9AF16722621B2B0058CBDC /* Build configuration list for PBXProject "middeProject01" */ = {
			isa = XCConfigurationList;
			buildConfigurations = (
				CD9AF18722621B2D0058CBDC /* Debug */,
				CD9AF18822621B2D0058CBDC /* Release */,
			);
			defaultConfigurationIsVisible = 0;
			defaultConfigurationName = Release;
		};
		CD9AF18922621B2D0058CBDC /* Build configuration list for PBXNativeTarget "middeProject01" */ = {
			isa = XCConfigurationList;
			buildConfigurations = (
				CD9AF18A22621B2D0058CBDC /* Debug */,
				CD9AF18B22621B2D0058CBDC /* Release */,
			);
			defaultConfigurationIsVisible = 0;
			defaultConfigurationName = Release;
		};
		CD9AF18C22621B2D0058CBDC /* Build configuration list for PBXNativeTarget "middeProject01Tests" */ = {
			isa = XCConfigurationList;
			buildConfigurations = (
				CD9AF18D22621B2D0058CBDC /* Debug */,
				CD9AF18E22621B2D0058CBDC /* Release */,
			);
			defaultConfigurationIsVisible = 0;
			defaultConfigurationName = Release;
		};
/* End XCConfigurationList section */
	};
	rootObject = CD9AF16422621B2B0058CBDC /* Project object */;
}
